
Microsoft Visual Studio Solution File, Format Version 12.00
# Visual Studio Version 16
VisualStudioVersion = 16.0.30804.86
MinimumVisualStudioVersion = 10.0.40219.1
Project("{FAE04EC0-301F-11D3-BF4B-00C04F79EFBC}") = "API_With_Login", "API_With_Login\API_With_Login.csproj", "{665A05A9-3317-4DA3-94B6-CB17EA63D3F5}"
EndProject
Global
	GlobalSection(SolutionConfigurationPlatforms) = preSolution
		Debug|Any CPU = Debug|Any CPU
		Release|Any CPU = Release|Any CPU
	EndGlobalSection
	GlobalSection(ProjectConfigurationPlatforms) = postSolution
		{665A05A9-3317-4DA3-94B6-CB17EA63D3F5}.Debug|Any CPU.ActiveCfg = Debug|Any CPU
		{665A05A9-3317-4DA3-94B6-CB17EA63D3F5}.Debug|Any CPU.Build.0 = Debug|Any CPU
		{665A05A9-3317-4DA3-94B6-CB17EA63D3F5}.Release|Any CPU.ActiveCfg = Release|Any CPU
		{665A05A9-3317-4DA3-94B6-CB17EA63D3F5}.Release|Any CPU.Build.0 = Release|Any CPU
	EndGlobalSection
	GlobalSection(SolutionProperties) = preSolution
		HideSolutionNode = FALSE
	EndGlobalSection
	GlobalSection(ExtensibilityGlobals) = postSolution
		SolutionGuid = {499C4EE6-97F0-459D-B560-184E55C29DD5}
	EndGlobalSection
EndGlobal
